
Microsoft Visual Studio Solution File, Format Version 12.00
# Visual Studio 2012
Project("{FAE04EC0-301F-11D3-BF4B-00C04F79EFBC}") = "MacTester", "MacTester\MacTester.csproj", "{673882A8-9246-4246-865F-48CFE00B115E}"
EndProject
Project("{FAE04EC0-301F-11D3-BF4B-00C04F79EFBC}") = "Nez.PipelineImporter", "PipelineImporter\Nez.PipelineImporter.csproj", "{63E831F4-B847-4150-B5AF-CBE059EE27B8}"
EndProject
Project("{FAE04EC0-301F-11D3-BF4B-00C04F79EFBC}") = "Nez", "Nez-PCL\Nez.csproj", "{60B7197D-D0D5-405C-90A2-A56903E9B039}"
EndProject
Project("{FAE04EC0-301F-11D3-BF4B-00C04F79EFBC}") = "Demos", "Demos\Demos.csproj", "{9C1CC268-60D5-4851-AF19-429A9A25D052}"
EndProject
Global
	GlobalSection(SolutionConfigurationPlatforms) = preSolution
		Debug|Any CPU = Debug|Any CPU
		Release|Any CPU = Release|Any CPU
	EndGlobalSection
	GlobalSection(ProjectConfigurationPlatforms) = postSolution
		{60B7197D-D0D5-405C-90A2-A56903E9B039}.Debug|Any CPU.ActiveCfg = Debug|Any CPU
		{60B7197D-D0D5-405C-90A2-A56903E9B039}.Debug|Any CPU.Build.0 = Debug|Any CPU
		{60B7197D-D0D5-405C-90A2-A56903E9B039}.Release|Any CPU.ActiveCfg = Release|Any CPU
		{60B7197D-D0D5-405C-90A2-A56903E9B039}.Release|Any CPU.Build.0 = Release|Any CPU
		{63E831F4-B847-4150-B5AF-CBE059EE27B8}.Debug|Any CPU.ActiveCfg = Debug|Any CPU
		{63E831F4-B847-4150-B5AF-CBE059EE27B8}.Debug|Any CPU.Build.0 = Debug|Any CPU
		{63E831F4-B847-4150-B5AF-CBE059EE27B8}.Release|Any CPU.ActiveCfg = Release|Any CPU
		{63E831F4-B847-4150-B5AF-CBE059EE27B8}.Release|Any CPU.Build.0 = Release|Any CPU
		{673882A8-9246-4246-865F-48CFE00B115E}.Debug|Any CPU.ActiveCfg = Debug|Any CPU
		{673882A8-9246-4246-865F-48CFE00B115E}.Debug|Any CPU.Build.0 = Debug|Any CPU
		{673882A8-9246-4246-865F-48CFE00B115E}.Release|Any CPU.ActiveCfg = Release|Any CPU
		{673882A8-9246-4246-865F-48CFE00B115E}.Release|Any CPU.Build.0 = Release|Any CPU
		{9C1CC268-60D5-4851-AF19-429A9A25D052}.Debug|Any CPU.ActiveCfg = Debug|Any CPU
		{9C1CC268-60D5-4851-AF19-429A9A25D052}.Debug|Any CPU.Build.0 = Debug|Any CPU
		{9C1CC268-60D5-4851-AF19-429A9A25D052}.Release|Any CPU.ActiveCfg = Release|Any CPU
		{9C1CC268-60D5-4851-AF19-429A9A25D052}.Release|Any CPU.Build.0 = Release|Any CPU
	EndGlobalSection
	GlobalSection(MonoDevelopProperties) = preSolution
		Policies = $0
		$0.DotNetNamingPolicy = $1
		$1.DirectoryNamespaceAssociation = None
		$1.ResourceNamePolicy = FileFormatDefault
		$0.TextStylePolicy = $2
		$2.inheritsSet = null
		$2.scope = application/config+xml
		$0.XmlFormattingPolicy = $3
		$3.inheritsSet = null
		$3.scope = application/config+xml
		$0.TextStylePolicy = $4
		$4.inheritsSet = null
		$4.scope = application/xml
		$0.XmlFormattingPolicy = $5
		$5.inheritsSet = Mono
		$5.inheritsScope = application/xml
		$5.scope = application/xml
		$0.TextStylePolicy = $6
		$6.FileWidth = 120
		$6.TabsToSpaces = False
		$6.NoTabsAfterNonTabs = True
		$6.inheritsSet = VisualStudio
		$6.inheritsScope = text/plain
		$6.scope = text/x-csharp
		$0.CSharpFormattingPolicy = $7
		$7.IndentSwitchBody = True
		$7.IndentBreakStatements = False
		$7.AnonymousMethodBraceStyle = NextLine
		$7.PropertyBraceStyle = NextLine
		$7.PropertyGetBraceStyle = NextLine
		$7.PropertySetBraceStyle = NextLine
		$7.EventBraceStyle = NextLine
		$7.EventAddBraceStyle = NextLine
		$7.EventRemoveBraceStyle = NextLine
		$7.StatementBraceStyle = NextLine
		$7.ElseNewLinePlacement = NewLine
		$7.CatchNewLinePlacement = NewLine
		$7.FinallyNewLinePlacement = NewLine
		$7.BeforeMethodDeclarationParentheses = False
		$7.WithinMethodDeclarationParentheses = True
		$7.BeforeMethodCallParentheses = False
		$7.WithinMethodCallParentheses = True
		$7.BeforeConstructorDeclarationParentheses = False
		$7.WithinConstructorDeclarationParentheses = True
		$7.BeforeIndexerDeclarationBracket = False
		$7.BeforeDelegateDeclarationParentheses = False
		$7.AfterDelegateDeclarationParameterComma = True
		$7.WithinDelegateDeclarationParentheses = True
		$7.NewParentheses = False
		$7.IfParentheses = False
		$7.WhileParentheses = False
		$7.ForParentheses = False
		$7.ForeachParentheses = False
		$7.CatchParentheses = False
		$7.SwitchParentheses = False
		$7.LockParentheses = False
		$7.UsingParentheses = False
		$7.WithinParentheses = True
		$7.WithinIfParentheses = True
		$7.WithinWhileParentheses = True
		$7.WithinForParentheses = True
		$7.WithinForEachParentheses = True
		$7.WithinCatchParentheses = True
		$7.WithinSwitchParentheses = True
		$7.WithinLockParentheses = True
		$7.WithinUsingParentheses = True
		$7.WithinSizeOfParentheses = True
		$7.WithinTypeOfParentheses = True
		$7.WithinNewParentheses = True
		$7.SpacesBeforeBrackets = False
		$7.BlankLinesAfterUsings = 2
		$7.BlankLinesBetweenTypes = 2
		$7.inheritsSet = Mono
		$7.inheritsScope = text/x-csharp
		$7.scope = text/x-csharp
		$0.TextStylePolicy = $8
		$8.inheritsSet = null
		$8.scope = text/x-mgcb
		$0.TextStylePolicy = $9
		$9.inheritsSet = null
		$9.scope = application/vnd.apple-interface-builder
		$0.XmlFormattingPolicy = $10
		$10.inheritsSet = null
		$10.scope = application/vnd.apple-interface-builder
		$0.StandardHeader = $11
		$11.Text = 
		$11.IncludeInNewFiles = True
		$0.NameConventionPolicy = $12
		$12.Rules = $13
		$13.NamingRule = $14
		$14.Name = Namespaces
		$14.AffectedEntity = Namespace
		$14.VisibilityMask = VisibilityMask
		$14.NamingStyle = PascalCase
		$14.IncludeInstanceMembers = True
		$14.IncludeStaticEntities = True
		$13.NamingRule = $15
		$15.Name = Types
		$15.AffectedEntity = Class, Struct, Enum, Delegate
		$15.VisibilityMask = Public
		$15.NamingStyle = PascalCase
		$15.IncludeInstanceMembers = True
		$15.IncludeStaticEntities = True
		$13.NamingRule = $16
		$16.Name = Interfaces
		$16.RequiredPrefixes = $17
		$17.String = I
		$16.AffectedEntity = Interface
		$16.VisibilityMask = Public
		$16.NamingStyle = PascalCase
		$16.IncludeInstanceMembers = True
		$16.IncludeStaticEntities = True
		$13.NamingRule = $18
		$18.Name = Attributes
		$18.RequiredSuffixes = $19
		$19.String = Attribute
		$18.AffectedEntity = CustomAttributes
		$18.VisibilityMask = Public
		$18.NamingStyle = PascalCase
		$18.IncludeInstanceMembers = True
		$18.IncludeStaticEntities = True
		$13.NamingRule = $20
		$20.Name = Event Arguments
		$20.RequiredSuffixes = $21
		$21.String = EventArgs
		$20.AffectedEntity = CustomEventArgs
		$20.VisibilityMask = Public
		$20.NamingStyle = PascalCase
		$20.IncludeInstanceMembers = True
		$20.IncludeStaticEntities = True
		$13.NamingRule = $22
		$22.Name = Exceptions
		$22.RequiredSuffixes = $23
		$23.String = Exception
		$22.AffectedEntity = CustomExceptions
		$22.VisibilityMask = VisibilityMask
		$22.NamingStyle = PascalCase
		$22.IncludeInstanceMembers = True
		$22.IncludeStaticEntities = True
		$13.NamingRule = $24
		$24.Name = Methods
		$24.AffectedEntity = Methods, Field, ReadonlyField, Event, TypeParameter, LambdaParameter, LocalVariable
		$24.VisibilityMask = Protected, Public
		$24.NamingStyle = CamelCase
		$24.IncludeInstanceMembers = True
		$24.IncludeStaticEntities = True
		$13.NamingRule = $25
		$25.Name = Static Readonly Fields
		$25.AffectedEntity = ReadonlyField
		$25.VisibilityMask = Protected, Public
		$25.NamingStyle = PascalCase
		$25.IncludeInstanceMembers = False
		$25.IncludeStaticEntities = True
		$13.NamingRule = $26
		$26.Name = Fields
		$26.AffectedEntity = Field
		$26.VisibilityMask = Protected, Public
		$26.NamingStyle = PascalCase
		$26.IncludeInstanceMembers = True
		$26.IncludeStaticEntities = True
		$13.NamingRule = $27
		$27.Name = ReadOnly Fields
		$27.AffectedEntity = ReadonlyField
		$27.VisibilityMask = Protected, Public
		$27.NamingStyle = PascalCase
		$27.IncludeInstanceMembers = True
		$27.IncludeStaticEntities = False
		$13.NamingRule = $28
		$28.Name = Constant Fields
		$28.AffectedEntity = ConstantField
		$28.VisibilityMask = Protected, Public
		$28.NamingStyle = PascalCase
		$28.IncludeInstanceMembers = True
		$28.IncludeStaticEntities = True
		$13.NamingRule = $29
		$29.Name = Properties
		$29.AffectedEntity = Property
		$29.VisibilityMask = Protected, Public
		$29.NamingStyle = PascalCase
		$29.IncludeInstanceMembers = True
		$29.IncludeStaticEntities = True
		$13.NamingRule = $30
		$30.Name = Events
		$30.AffectedEntity = Event
		$30.VisibilityMask = Protected, Public
		$30.NamingStyle = PascalCase
		$30.IncludeInstanceMembers = True
		$30.IncludeStaticEntities = True
		$13.NamingRule = $31
		$31.Name = Enum Members
		$31.AffectedEntity = EnumMember
		$31.VisibilityMask = VisibilityMask
		$31.NamingStyle = PascalCase
		$31.IncludeInstanceMembers = True
		$31.IncludeStaticEntities = True
		$13.NamingRule = $32
		$32.Name = Parameters
		$32.AffectedEntity = Parameter
		$32.VisibilityMask = VisibilityMask
		$32.NamingStyle = CamelCase
		$32.IncludeInstanceMembers = True
		$32.IncludeStaticEntities = True
		$13.NamingRule = $33
		$33.Name = Type Parameters
		$33.RequiredPrefixes = $34
		$34.String = T
		$33.AffectedEntity = TypeParameter
		$33.VisibilityMask = VisibilityMask
		$33.NamingStyle = PascalCase
		$33.IncludeInstanceMembers = True
		$33.IncludeStaticEntities = True
		$0.VersionControlPolicy = $35
		$35.inheritsSet = Mono
	EndGlobalSection
EndGlobal
