
Microsoft Visual Studio Solution File, Format Version 12.00
# Visual Studio 15
VisualStudioVersion = 15.0.27703.2026
MinimumVisualStudioVersion = 10.0.40219.1
Project("{FAE04EC0-301F-11D3-BF4B-00C04F79EFBC}") = "SpriteAtlasPacker", "SpriteAtlasPacker\SpriteAtlasPacker.csproj", "{1AC0A15F-98D2-477D-A620-A8F7B79935F4}"
EndProject
Project("{FAE04EC0-301F-11D3-BF4B-00C04F79EFBC}") = "SpriteAtlasPacker.Tester", "SpriteAtlasPacker.Tester\SpriteAtlasPacker.Tester.csproj", "{8FE22E8A-BF39-49A9-829F-1F8C7D41B838}"
EndProject
Project("{FAE04EC0-301F-11D3-BF4B-00C04F79EFBC}") = "SpriteAtlasPacker.Console", "SpriteAtlasPacker.Console\SpriteAtlasPacker.Console.csproj", "{76FB74CD-5CCF-4D81-9652-A0D82EB9B36C}"
EndProject
Global
	GlobalSection(SolutionConfigurationPlatforms) = preSolution
		Debug|Any CPU = Debug|Any CPU
		Release|Any CPU = Release|Any CPU
	EndGlobalSection
	GlobalSection(ProjectConfigurationPlatforms) = postSolution
		{1AC0A15F-98D2-477D-A620-A8F7B79935F4}.Debug|Any CPU.ActiveCfg = Debug|Any CPU
		{1AC0A15F-98D2-477D-A620-A8F7B79935F4}.Debug|Any CPU.Build.0 = Debug|Any CPU
		{1AC0A15F-98D2-477D-A620-A8F7B79935F4}.Release|Any CPU.ActiveCfg = Release|Any CPU
		{1AC0A15F-98D2-477D-A620-A8F7B79935F4}.Release|Any CPU.Build.0 = Release|Any CPU
		{8FE22E8A-BF39-49A9-829F-1F8C7D41B838}.Debug|Any CPU.ActiveCfg = Debug|Any CPU
		{8FE22E8A-BF39-49A9-829F-1F8C7D41B838}.Debug|Any CPU.Build.0 = Debug|Any CPU
		{8FE22E8A-BF39-49A9-829F-1F8C7D41B838}.Release|Any CPU.ActiveCfg = Release|Any CPU
		{8FE22E8A-BF39-49A9-829F-1F8C7D41B838}.Release|Any CPU.Build.0 = Release|Any CPU
		{76FB74CD-5CCF-4D81-9652-A0D82EB9B36C}.Debug|Any CPU.ActiveCfg = Debug|Any CPU
		{76FB74CD-5CCF-4D81-9652-A0D82EB9B36C}.Debug|Any CPU.Build.0 = Debug|Any CPU
		{76FB74CD-5CCF-4D81-9652-A0D82EB9B36C}.Release|Any CPU.ActiveCfg = Release|Any CPU
		{76FB74CD-5CCF-4D81-9652-A0D82EB9B36C}.Release|Any CPU.Build.0 = Release|Any CPU
	EndGlobalSection
	GlobalSection(SolutionProperties) = preSolution
		HideSolutionNode = FALSE
	EndGlobalSection
	GlobalSection(ExtensibilityGlobals) = postSolution
		VisualSVNWorkingCopyRoot = .
		SolutionGuid = {49ABCC90-34F4-4DAD-9E9C-EDA06292431F}
	EndGlobalSection
EndGlobal
